
Microsoft Visual Studio Solution File, Format Version 12.00
# Visual Studio 2015
Project("{FAE04EC0-301F-11D3-BF4B-00C04F79EFBC}") = "Activity4_GuazonJohnRobert.CSharp", "Activity4_GuazonJohnRobert.CSharp.csproj", "{461207D1-7DD5-BD5D-2BC4-6D4600581AA1}"
EndProject
Global
	GlobalSection(SolutionConfigurationPlatforms) = preSolution
		Debug|Any CPU = Debug|Any CPU
		Release|Any CPU = Release|Any CPU
	EndGlobalSection
	GlobalSection(ProjectConfigurationPlatforms) = postSolution
		{461207D1-7DD5-BD5D-2BC4-6D4600581AA1}.Debug|Any CPU.ActiveCfg = Debug|Any CPU
		{461207D1-7DD5-BD5D-2BC4-6D4600581AA1}.Debug|Any CPU.Build.0 = Debug|Any CPU
		{461207D1-7DD5-BD5D-2BC4-6D4600581AA1}.Release|Any CPU.ActiveCfg = Release|Any CPU
		{461207D1-7DD5-BD5D-2BC4-6D4600581AA1}.Release|Any CPU.Build.0 = Release|Any CPU
	EndGlobalSection
	GlobalSection(SolutionProperties) = preSolution
		HideSolutionNode = FALSE
	EndGlobalSection
EndGlobal
