
Microsoft Visual Studio Solution File, Format Version 12.00
# Visual Studio 2015
Project("{FAE04EC0-301F-11D3-BF4B-00C04F79EFBC}") = "Quiz1_GuazonJohnRobert.CSharp", "Quiz1_GuazonJohnRobert.CSharp.csproj", "{5371E044-29FC-B5C4-DD55-E908ED9494BE}"
EndProject
Global
	GlobalSection(SolutionConfigurationPlatforms) = preSolution
		Debug|Any CPU = Debug|Any CPU
		Release|Any CPU = Release|Any CPU
	EndGlobalSection
	GlobalSection(ProjectConfigurationPlatforms) = postSolution
		{5371E044-29FC-B5C4-DD55-E908ED9494BE}.Debug|Any CPU.ActiveCfg = Debug|Any CPU
		{5371E044-29FC-B5C4-DD55-E908ED9494BE}.Debug|Any CPU.Build.0 = Debug|Any CPU
		{5371E044-29FC-B5C4-DD55-E908ED9494BE}.Release|Any CPU.ActiveCfg = Release|Any CPU
		{5371E044-29FC-B5C4-DD55-E908ED9494BE}.Release|Any CPU.Build.0 = Release|Any CPU
	EndGlobalSection
	GlobalSection(SolutionProperties) = preSolution
		HideSolutionNode = FALSE
	EndGlobalSection
EndGlobal
